
Microsoft Visual Studio Solution File, Format Version 12.00
# Visual Studio Version 17
VisualStudioVersion = 17.5.002.0
MinimumVisualStudioVersion = 10.0.40219.1
Project("{2150E333-8FDC-42A3-9474-1A3956D46DE8}") = "DATHKT", "DATHKT", "{29C6F0E0-F83F-42F2-8468-625933FA7702}"
EndProject
Project("{9A19103F-16F7-4668-BE54-9A1E7A4F7556}") = "BE_DATHKT", "DATHKT\BE_DATHKT\BE_DATHKT.csproj", "{7A73A6D4-E734-4E68-A050-391FF8FB67FA}"
EndProject
Project("{2150E333-8FDC-42A3-9474-1A3956D46DE8}") = "TTDN", "TTDN", "{87D92EA8-F1A9-4A17-9CA3-189E7C9F77E2}"
EndProject
Project("{9A19103F-16F7-4668-BE54-9A1E7A4F7556}") = "BE_DATHKT", "TTDN\api_ttdn\BE_DATHKT.csproj", "{D8FB5DDF-3190-4C1B-8E8B-32D19B4723E3}"
EndProject
Global
	GlobalSection(SolutionConfigurationPlatforms) = preSolution
		Debug|Any CPU = Debug|Any CPU
		Release|Any CPU = Release|Any CPU
	EndGlobalSection
	GlobalSection(ProjectConfigurationPlatforms) = postSolution
		{7A73A6D4-E734-4E68-A050-391FF8FB67FA}.Debug|Any CPU.ActiveCfg = Debug|Any CPU
		{7A73A6D4-E734-4E68-A050-391FF8FB67FA}.Debug|Any CPU.Build.0 = Debug|Any CPU
		{7A73A6D4-E734-4E68-A050-391FF8FB67FA}.Release|Any CPU.ActiveCfg = Release|Any CPU
		{7A73A6D4-E734-4E68-A050-391FF8FB67FA}.Release|Any CPU.Build.0 = Release|Any CPU
		{D8FB5DDF-3190-4C1B-8E8B-32D19B4723E3}.Debug|Any CPU.ActiveCfg = Debug|Any CPU
		{D8FB5DDF-3190-4C1B-8E8B-32D19B4723E3}.Debug|Any CPU.Build.0 = Debug|Any CPU
		{D8FB5DDF-3190-4C1B-8E8B-32D19B4723E3}.Release|Any CPU.ActiveCfg = Release|Any CPU
		{D8FB5DDF-3190-4C1B-8E8B-32D19B4723E3}.Release|Any CPU.Build.0 = Release|Any CPU
	EndGlobalSection
	GlobalSection(SolutionProperties) = preSolution
		HideSolutionNode = FALSE
	EndGlobalSection
	GlobalSection(NestedProjects) = preSolution
		{7A73A6D4-E734-4E68-A050-391FF8FB67FA} = {29C6F0E0-F83F-42F2-8468-625933FA7702}
		{D8FB5DDF-3190-4C1B-8E8B-32D19B4723E3} = {87D92EA8-F1A9-4A17-9CA3-189E7C9F77E2}
	EndGlobalSection
	GlobalSection(ExtensibilityGlobals) = postSolution
		SolutionGuid = {0C918012-B5B9-442A-A0C2-AD07B82ED8ED}
	EndGlobalSection
EndGlobal
